
Microsoft Visual Studio Solution File, Format Version 12.00
# Visual Studio 15
VisualStudioVersion = 15.0.26206.0
MinimumVisualStudioVersion = 10.0.40219.1
Project("{FAE04EC0-301F-11D3-BF4B-00C04F79EFBC}") = "BuilderPath", "BuilderPath\BuilderPath.csproj", "{49CFCC3E-E24E-49CC-B770-DCD033EBE47C}"
EndProject
Project("{FAE04EC0-301F-11D3-BF4B-00C04F79EFBC}") = "BuildPathTest", "BuildPathTest\BuildPathTest.csproj", "{319FB620-3CED-4FA1-BCDA-5BC1E665E51D}"
EndProject
Global
	GlobalSection(SolutionConfigurationPlatforms) = preSolution
		Debug|Any CPU = Debug|Any CPU
		Release|Any CPU = Release|Any CPU
	EndGlobalSection
	GlobalSection(ProjectConfigurationPlatforms) = postSolution
		{49CFCC3E-E24E-49CC-B770-DCD033EBE47C}.Debug|Any CPU.ActiveCfg = Debug|Any CPU
		{49CFCC3E-E24E-49CC-B770-DCD033EBE47C}.Debug|Any CPU.Build.0 = Debug|Any CPU
		{49CFCC3E-E24E-49CC-B770-DCD033EBE47C}.Release|Any CPU.ActiveCfg = Release|Any CPU
		{49CFCC3E-E24E-49CC-B770-DCD033EBE47C}.Release|Any CPU.Build.0 = Release|Any CPU
		{319FB620-3CED-4FA1-BCDA-5BC1E665E51D}.Debug|Any CPU.ActiveCfg = Debug|Any CPU
		{319FB620-3CED-4FA1-BCDA-5BC1E665E51D}.Debug|Any CPU.Build.0 = Debug|Any CPU
		{319FB620-3CED-4FA1-BCDA-5BC1E665E51D}.Release|Any CPU.ActiveCfg = Release|Any CPU
		{319FB620-3CED-4FA1-BCDA-5BC1E665E51D}.Release|Any CPU.Build.0 = Release|Any CPU
	EndGlobalSection
	GlobalSection(SolutionProperties) = preSolution
		HideSolutionNode = FALSE
	EndGlobalSection
EndGlobal
